<?xml version="1.0" encoding="utf-8"?>
<Project ToolsVersion="4.0" xmlns="http://schemas.microsoft.com/developer/msbuild/2003">
  <ItemGroup>
    <Filter Include="Arquivos de Origem">
      <UniqueIdentifier>{4FC737F1-C7A5-4376-A066-2A32D752A2FF}</UniqueIdentifier>
      <Extensions>cpp;c;cc;cxx;c++;cppm;ixx;def;odl;idl;hpj;bat;asm;asmx</Extensions>
    </Filter>
    <Filter Include="Arquivos de Cabeçalho">
      <UniqueIdentifier>{93995380-89BD-4b04-88EB-625FBE52EBFB}</UniqueIdentifier>
      <Extensions>h;hh;hpp;hxx;h++;hm;inl;inc;ipp;xsd</Extensions>
    </Filter>
    <Filter Include="Arquivos de Recurso">
      <UniqueIdentifier>{67DA6AB6-F800-4c08-8B7A-83BB121AAD01}</UniqueIdentifier>
      <Extensions>rc;ico;cur;bmp;dlg;rc2;rct;bin;rgs;gif;jpg;jpeg;jpe;resx;tiff;tif;png;wav;mfcribbon-ms</Extensions>
    </Filter>
    <Filter Include="Arquivos de Cabeçalho\EngineLogic">
      <UniqueIdentifier>{7fb9cadd-f657-40a2-8b69-09d16a8f8ca0}</UniqueIdentifier>
    </Filter>
    <Filter Include="Arquivos de Cabeçalho\GameLogic">
      <UniqueIdentifier>{a13a313e-9cf1-4b49-b4b0-a2b31f9e3b61}</UniqueIdentifier>
    </Filter>
    <Filter Include="Arquivos de Origem\EngineLogic">
      <UniqueIdentifier>{ba33f0d4-b692-4ddf-941e-43d2dd2eaaa9}</UniqueIdentifier>
    </Filter>
    <Filter Include="Arquivos de Origem\GameLogic">
      <UniqueIdentifier>{c7487157-57de-4af5-b316-9acd7359410b}</UniqueIdentifier>
    </Filter>
    <Filter Include="Arquivos de Cabeçalho\EngineLogic\Components">
      <UniqueIdentifier>{45f47e1c-1f6e-43c8-90cf-207d9738e15c}</UniqueIdentifier>
    </Filter>
    <Filter Include="Arquivos de Cabeçalho\EngineLogic\AssetHeaders">
      <UniqueIdentifier>{1669840d-23f5-4c75-b82b-acabe1865888}</UniqueIdentifier>
    </Filter>
  </ItemGroup>
  <ItemGroup>
    <ClCompile Include="main.cpp">
      <Filter>Arquivos de Origem</Filter>
    </ClCompile>
    <ClCompile Include="src\Component.cpp">
      <Filter>Arquivos de Origem\EngineLogic</Filter>
    </ClCompile>
    <ClCompile Include="src\Game.cpp">
      <Filter>Arquivos de Origem\EngineLogic</Filter>
    </ClCompile>
    <ClCompile Include="src\GameObject.cpp">
      <Filter>Arquivos de Origem\EngineLogic</Filter>
    </ClCompile>
    <ClCompile Include="src\State.cpp">
      <Filter>Arquivos de Origem\EngineLogic</Filter>
    </ClCompile>
    <ClCompile Include="src\StageState.cpp">
      <Filter>Arquivos de Origem\GameLogic</Filter>
    </ClCompile>
    <ClCompile Include="src\Resources.cpp">
      <Filter>Arquivos de Origem\EngineLogic</Filter>
    </ClCompile>
    <ClCompile Include="src\Music.cpp">
      <Filter>Arquivos de Origem\EngineLogic</Filter>
    </ClCompile>
    <ClCompile Include="src\InputSystem.cpp">
      <Filter>Arquivos de Origem\EngineLogic</Filter>
    </ClCompile>
    <ClCompile Include="src\Sound.cpp">
      <Filter>Arquivos de Origem\EngineLogic</Filter>
    </ClCompile>
    <ClCompile Include="src\Camera.cpp">
      <Filter>Arquivos de Origem\EngineLogic</Filter>
    </ClCompile>
    <ClCompile Include="src\MenuState.cpp">
      <Filter>Arquivos de Origem\GameLogic</Filter>
    </ClCompile>
    <ClCompile Include="src\Text.cpp">
      <Filter>Arquivos de Origem\EngineLogic</Filter>
    </ClCompile>
    <ClCompile Include="src\CameraFollower.cpp">
      <Filter>Arquivos de Origem\EngineLogic</Filter>
    </ClCompile>
    <ClCompile Include="src\Rigidbody2D.cpp">
      <Filter>Arquivos de Origem\EngineLogic</Filter>
    </ClCompile>
    <ClCompile Include="src\TileSet.cpp">
      <Filter>Arquivos de Origem\EngineLogic</Filter>
    </ClCompile>
    <ClCompile Include="src\TileMap.cpp">
      <Filter>Arquivos de Origem\EngineLogic</Filter>
    </ClCompile>
    <ClCompile Include="src\RectDebug.cpp">
      <Filter>Arquivos de Origem\EngineLogic</Filter>
    </ClCompile>
    <ClCompile Include="src\PlayerController.cpp">
      <Filter>Arquivos de Origem\EngineLogic</Filter>
    </ClCompile>
    <ClCompile Include="src\Collider.cpp">
      <Filter>Arquivos de Origem\EngineLogic</Filter>
    </ClCompile>
    <ClCompile Include="src\Rect.cpp">
      <Filter>Arquivos de Origem\EngineLogic</Filter>
    </ClCompile>
    <ClCompile Include="src\Sprite.cpp">
      <Filter>Arquivos de Origem\EngineLogic</Filter>
    </ClCompile>
    <ClCompile Include="src\Vector3.cpp">
      <Filter>Arquivos de Origem\EngineLogic</Filter>
    </ClCompile>
    <ClCompile Include="src\CircleCollider.cpp">
      <Filter>Arquivos de Origem</Filter>
    </ClCompile>
    <ClCompile Include="src\Timer.cpp">
      <Filter>Arquivos de Origem\EngineLogic</Filter>
    </ClCompile>
  </ItemGroup>
  <ItemGroup>
    <None Include="packages.config" />
  </ItemGroup>
  <ItemGroup>
    <ClInclude Include="includes\MenuState.hpp">
      <Filter>Arquivos de Cabeçalho\GameLogic</Filter>
    </ClInclude>
    <ClInclude Include="includes\StageState.hpp">
      <Filter>Arquivos de Cabeçalho\GameLogic</Filter>
    </ClInclude>
    <ClInclude Include="includes\Camera.hpp">
      <Filter>Arquivos de Cabeçalho\EngineLogic</Filter>
    </ClInclude>
    <ClInclude Include="includes\Collision.hpp">
      <Filter>Arquivos de Cabeçalho\EngineLogic</Filter>
    </ClInclude>
    <ClInclude Include="includes\Command.hpp">
      <Filter>Arquivos de Cabeçalho\EngineLogic</Filter>
    </ClInclude>
    <ClInclude Include="includes\Component.hpp">
      <Filter>Arquivos de Cabeçalho\EngineLogic</Filter>
    </ClInclude>
    <ClInclude Include="includes\Game.hpp">
      <Filter>Arquivos de Cabeçalho\EngineLogic</Filter>
    </ClInclude>
    <ClInclude Include="includes\GameObject.hpp">
      <Filter>Arquivos de Cabeçalho\EngineLogic</Filter>
    </ClInclude>
    <ClInclude Include="includes\InputSystem.hpp">
      <Filter>Arquivos de Cabeçalho\EngineLogic</Filter>
    </ClInclude>
    <ClInclude Include="includes\Music.hpp">
      <Filter>Arquivos de Cabeçalho\EngineLogic</Filter>
    </ClInclude>
    <ClInclude Include="includes\Rect.hpp">
      <Filter>Arquivos de Cabeçalho\EngineLogic</Filter>
    </ClInclude>
    <ClInclude Include="includes\Resources.hpp">
      <Filter>Arquivos de Cabeçalho\EngineLogic</Filter>
    </ClInclude>
    <ClInclude Include="includes\SDL_include.hpp">
      <Filter>Arquivos de Cabeçalho\EngineLogic</Filter>
    </ClInclude>
    <ClInclude Include="includes\State.hpp">
      <Filter>Arquivos de Cabeçalho\EngineLogic</Filter>
    </ClInclude>
    <ClInclude Include="includes\TileSet.hpp">
      <Filter>Arquivos de Cabeçalho\EngineLogic</Filter>
    </ClInclude>
    <ClInclude Include="includes\Vector3.hpp">
      <Filter>Arquivos de Cabeçalho\EngineLogic</Filter>
    </ClInclude>
    <ClInclude Include="includes\CameraFollower.hpp">
      <Filter>Arquivos de Cabeçalho\EngineLogic\Components</Filter>
    </ClInclude>
    <ClInclude Include="includes\GlobalDefinitions.hpp">
      <Filter>Arquivos de Cabeçalho\EngineLogic\AssetHeaders</Filter>
    </ClInclude>
    <ClInclude Include="includes\Collider.hpp">
      <Filter>Arquivos de Cabeçalho\EngineLogic\Components</Filter>
    </ClInclude>
    <ClInclude Include="includes\PlayerController.hpp">
      <Filter>Arquivos de Cabeçalho\EngineLogic\Components</Filter>
    </ClInclude>
    <ClInclude Include="includes\Rigidbody2D.hpp">
      <Filter>Arquivos de Cabeçalho\EngineLogic\Components</Filter>
    </ClInclude>
    <ClInclude Include="includes\Text.hpp">
      <Filter>Arquivos de Cabeçalho\EngineLogic\Components</Filter>
    </ClInclude>
    <ClInclude Include="includes\Sprite.hpp">
      <Filter>Arquivos de Cabeçalho\EngineLogic\Components</Filter>
    </ClInclude>
    <ClInclude Include="includes\Sound.hpp">
      <Filter>Arquivos de Cabeçalho\EngineLogic\Components</Filter>
    </ClInclude>
    <ClInclude Include="includes\TileMap.hpp">
      <Filter>Arquivos de Cabeçalho\EngineLogic\Components</Filter>
    </ClInclude>
    <ClInclude Include="includes\RectDebug.hpp">
      <Filter>Arquivos de Cabeçalho\EngineLogic\Components</Filter>
    </ClInclude>
    <ClInclude Include="includes\CircleCollider.hpp">
      <Filter>Arquivos de Cabeçalho</Filter>
    </ClInclude>
    <ClInclude Include="includes\Timer.hpp">
      <Filter>Arquivos de Cabeçalho\EngineLogic</Filter>
    </ClInclude>
  </ItemGroup>
</Project>